
Microsoft Visual Studio Solution File, Format Version 12.00
# Visual Studio Version 17
VisualStudioVersion = 17.4.33213.308
MinimumVisualStudioVersion = 10.0.40219.1
Project("{FAE04EC0-301F-11D3-BF4B-00C04F79EFBC}") = "euroskills", "euroskills\euroskills.csproj", "{5BC920D2-25D2-4CA0-8B86-E6C66179745B}"
EndProject
Global
	GlobalSection(SolutionConfigurationPlatforms) = preSolution
		Debug|Any CPU = Debug|Any CPU
		Release|Any CPU = Release|Any CPU
	EndGlobalSection
	GlobalSection(ProjectConfigurationPlatforms) = postSolution
		{5BC920D2-25D2-4CA0-8B86-E6C66179745B}.Debug|Any CPU.ActiveCfg = Debug|Any CPU
		{5BC920D2-25D2-4CA0-8B86-E6C66179745B}.Debug|Any CPU.Build.0 = Debug|Any CPU
		{5BC920D2-25D2-4CA0-8B86-E6C66179745B}.Release|Any CPU.ActiveCfg = Release|Any CPU
		{5BC920D2-25D2-4CA0-8B86-E6C66179745B}.Release|Any CPU.Build.0 = Release|Any CPU
	EndGlobalSection
	GlobalSection(SolutionProperties) = preSolution
		HideSolutionNode = FALSE
	EndGlobalSection
	GlobalSection(ExtensibilityGlobals) = postSolution
		SolutionGuid = {9E7D3047-10B7-494A-9DCF-93EF5B8F0A03}
	EndGlobalSection
EndGlobal
